
Microsoft Visual Studio Solution File, Format Version 12.00
# Visual Studio Version 17
VisualStudioVersion = 17.12.35527.113 d17.12
MinimumVisualStudioVersion = 10.0.40219.1
Project("{FAE04EC0-301F-11D3-BF4B-00C04F79EFBC}") = "Explorator_millennii", "Explorator_millennii.csproj", "{950A7E6B-DEA6-463F-887E-FBED42E37490}"
EndProject
Global
	GlobalSection(SolutionConfigurationPlatforms) = preSolution
		Debug|Any CPU = Debug|Any CPU
		Release|Any CPU = Release|Any CPU
	EndGlobalSection
	GlobalSection(ProjectConfigurationPlatforms) = postSolution
		{950A7E6B-DEA6-463F-887E-FBED42E37490}.Debug|Any CPU.ActiveCfg = Debug|Any CPU
		{950A7E6B-DEA6-463F-887E-FBED42E37490}.Debug|Any CPU.Build.0 = Debug|Any CPU
		{950A7E6B-DEA6-463F-887E-FBED42E37490}.Release|Any CPU.ActiveCfg = Release|Any CPU
		{950A7E6B-DEA6-463F-887E-FBED42E37490}.Release|Any CPU.Build.0 = Release|Any CPU
	EndGlobalSection
	GlobalSection(SolutionProperties) = preSolution
		HideSolutionNode = FALSE
	EndGlobalSection
EndGlobal
